Microsoft Visual Studio Solution File, Format Version 12.00
# Visual Studio 2012
Project("{FAE04EC0-301F-11D3-BF4B-00C04F79EFBC}") = "Test Godot Project", "Test Godot Project.csproj", "{6467E39D-A4B2-4DF6-9144-68EB86FAE514}"
EndProject
Global
	GlobalSection(SolutionConfigurationPlatforms) = preSolution
	Debug|Any CPU = Debug|Any CPU
	ExportDebug|Any CPU = ExportDebug|Any CPU
	ExportRelease|Any CPU = ExportRelease|Any CPU
	EndGlobalSection
	GlobalSection(ProjectConfigurationPlatforms) = postSolution
		{6467E39D-A4B2-4DF6-9144-68EB86FAE514}.Debug|Any CPU.ActiveCfg = Debug|Any CPU
		{6467E39D-A4B2-4DF6-9144-68EB86FAE514}.Debug|Any CPU.Build.0 = Debug|Any CPU
		{6467E39D-A4B2-4DF6-9144-68EB86FAE514}.ExportDebug|Any CPU.ActiveCfg = ExportDebug|Any CPU
		{6467E39D-A4B2-4DF6-9144-68EB86FAE514}.ExportDebug|Any CPU.Build.0 = ExportDebug|Any CPU
		{6467E39D-A4B2-4DF6-9144-68EB86FAE514}.ExportRelease|Any CPU.ActiveCfg = ExportRelease|Any CPU
		{6467E39D-A4B2-4DF6-9144-68EB86FAE514}.ExportRelease|Any CPU.Build.0 = ExportRelease|Any CPU
	EndGlobalSection
EndGlobal
